{
  "name": "test",
  "version": "1.0.0",
  "lockfileVersion": 1,
  "requires": true,
  "dependencies": {
    "daemonite-material": {
      "version": "4.1.1",
      "resolved": "https://registry.npmjs.org/daemonite-material/-/daemonite-material-4.1.1.tgz",
      "integrity": "sha512-nVndyv5KzxxGOnU+JbYJd+6zTdYtcmQPMKp91X6nEAiBSAJdXh2bv933AhVuP53QxYhpHfcc4CN5Zc6kb6C0wg=="
    }
  }
}
